
Microsoft Visual Studio Solution File, Format Version 12.00
# Visual Studio Version 16
VisualStudioVersion = 16.0.30413.136
MinimumVisualStudioVersion = 10.0.40219.1
Project("{FAE04EC0-301F-11D3-BF4B-00C04F79EFBC}") = "CoffeeMachine", "CoffeeMachine\CoffeeMachine.csproj", "{C5A6752A-6531-4C03-B261-DBEBBA443842}"
EndProject
Global
	GlobalSection(SolutionConfigurationPlatforms) = preSolution
		Debug|Any CPU = Debug|Any CPU
		Release|Any CPU = Release|Any CPU
	EndGlobalSection
	GlobalSection(ProjectConfigurationPlatforms) = postSolution
		{C5A6752A-6531-4C03-B261-DBEBBA443842}.Debug|Any CPU.ActiveCfg = Debug|Any CPU
		{C5A6752A-6531-4C03-B261-DBEBBA443842}.Debug|Any CPU.Build.0 = Debug|Any CPU
		{C5A6752A-6531-4C03-B261-DBEBBA443842}.Release|Any CPU.ActiveCfg = Release|Any CPU
		{C5A6752A-6531-4C03-B261-DBEBBA443842}.Release|Any CPU.Build.0 = Release|Any CPU
	EndGlobalSection
	GlobalSection(SolutionProperties) = preSolution
		HideSolutionNode = FALSE
	EndGlobalSection
	GlobalSection(ExtensibilityGlobals) = postSolution
		SolutionGuid = {DF72064D-6992-4156-8996-0F26C619CF92}
	EndGlobalSection
EndGlobal
