
Microsoft Visual Studio Solution File, Format Version 12.00
# Visual Studio Version 16
VisualStudioVersion = 16.0.30621.155
MinimumVisualStudioVersion = 10.0.40219.1
Project("{FAE04EC0-301F-11D3-BF4B-00C04F79EFBC}") = "SymmetricEncryption", "SymmetricEncryption\SymmetricEncryption.csproj", "{6F84020E-D099-450C-95A4-20628DFF8180}"
EndProject
Global
	GlobalSection(SolutionConfigurationPlatforms) = preSolution
		Debug|Any CPU = Debug|Any CPU
		Release|Any CPU = Release|Any CPU
	EndGlobalSection
	GlobalSection(ProjectConfigurationPlatforms) = postSolution
		{6F84020E-D099-450C-95A4-20628DFF8180}.Debug|Any CPU.ActiveCfg = Debug|Any CPU
		{6F84020E-D099-450C-95A4-20628DFF8180}.Debug|Any CPU.Build.0 = Debug|Any CPU
		{6F84020E-D099-450C-95A4-20628DFF8180}.Release|Any CPU.ActiveCfg = Release|Any CPU
		{6F84020E-D099-450C-95A4-20628DFF8180}.Release|Any CPU.Build.0 = Release|Any CPU
	EndGlobalSection
	GlobalSection(SolutionProperties) = preSolution
		HideSolutionNode = FALSE
	EndGlobalSection
	GlobalSection(ExtensibilityGlobals) = postSolution
		SolutionGuid = {FF464EC5-69B3-4B6E-B528-1A5B050FDADB}
	EndGlobalSection
EndGlobal
