
Microsoft Visual Studio Solution File, Format Version 12.00
# Visual Studio Version 16
VisualStudioVersion = 16.0.30621.155
MinimumVisualStudioVersion = 10.0.40219.1
Project("{FAE04EC0-301F-11D3-BF4B-00C04F79EFBC}") = "Rfc2898Opg", "Rfc2898Opg\Rfc2898Opg.csproj", "{C204253F-A859-47B0-BC3D-DCC2268D0E4D}"
EndProject
Global
	GlobalSection(SolutionConfigurationPlatforms) = preSolution
		Debug|Any CPU = Debug|Any CPU
		Release|Any CPU = Release|Any CPU
	EndGlobalSection
	GlobalSection(ProjectConfigurationPlatforms) = postSolution
		{C204253F-A859-47B0-BC3D-DCC2268D0E4D}.Debug|Any CPU.ActiveCfg = Debug|Any CPU
		{C204253F-A859-47B0-BC3D-DCC2268D0E4D}.Debug|Any CPU.Build.0 = Debug|Any CPU
		{C204253F-A859-47B0-BC3D-DCC2268D0E4D}.Release|Any CPU.ActiveCfg = Release|Any CPU
		{C204253F-A859-47B0-BC3D-DCC2268D0E4D}.Release|Any CPU.Build.0 = Release|Any CPU
	EndGlobalSection
	GlobalSection(SolutionProperties) = preSolution
		HideSolutionNode = FALSE
	EndGlobalSection
	GlobalSection(ExtensibilityGlobals) = postSolution
		SolutionGuid = {CB8005E4-8A53-4FA5-9FE7-4622467C5D1D}
	EndGlobalSection
EndGlobal
