
Microsoft Visual Studio Solution File, Format Version 12.00
# Visual Studio Version 16
VisualStudioVersion = 16.0.29609.76
MinimumVisualStudioVersion = 10.0.40219.1
Project("{FAE04EC0-301F-11D3-BF4B-00C04F79EFBC}") = "geometriopga", "geometriopga\geometriopga.csproj", "{9B5201C5-20CA-4726-BA73-46F20CC67DA5}"
EndProject
Global
	GlobalSection(SolutionConfigurationPlatforms) = preSolution
		Debug|Any CPU = Debug|Any CPU
		Release|Any CPU = Release|Any CPU
	EndGlobalSection
	GlobalSection(ProjectConfigurationPlatforms) = postSolution
		{9B5201C5-20CA-4726-BA73-46F20CC67DA5}.Debug|Any CPU.ActiveCfg = Debug|Any CPU
		{9B5201C5-20CA-4726-BA73-46F20CC67DA5}.Debug|Any CPU.Build.0 = Debug|Any CPU
		{9B5201C5-20CA-4726-BA73-46F20CC67DA5}.Release|Any CPU.ActiveCfg = Release|Any CPU
		{9B5201C5-20CA-4726-BA73-46F20CC67DA5}.Release|Any CPU.Build.0 = Release|Any CPU
	EndGlobalSection
	GlobalSection(SolutionProperties) = preSolution
		HideSolutionNode = FALSE
	EndGlobalSection
	GlobalSection(ExtensibilityGlobals) = postSolution
		SolutionGuid = {62AED2ED-40F3-4F39-B38F-C4C444214C68}
	EndGlobalSection
EndGlobal
