
Microsoft Visual Studio Solution File, Format Version 12.00
# Visual Studio Version 16
VisualStudioVersion = 16.0.29911.84
MinimumVisualStudioVersion = 10.0.40219.1
Project("{FAE04EC0-301F-11D3-BF4B-00C04F79EFBC}") = "WMI", "WMI\WMI.csproj", "{532C78C3-B69C-432C-81EB-B9CC73F0E89D}"
EndProject
Global
	GlobalSection(SolutionConfigurationPlatforms) = preSolution
		Debug|Any CPU = Debug|Any CPU
		Release|Any CPU = Release|Any CPU
	EndGlobalSection
	GlobalSection(ProjectConfigurationPlatforms) = postSolution
		{532C78C3-B69C-432C-81EB-B9CC73F0E89D}.Debug|Any CPU.ActiveCfg = Debug|Any CPU
		{532C78C3-B69C-432C-81EB-B9CC73F0E89D}.Debug|Any CPU.Build.0 = Debug|Any CPU
		{532C78C3-B69C-432C-81EB-B9CC73F0E89D}.Release|Any CPU.ActiveCfg = Release|Any CPU
		{532C78C3-B69C-432C-81EB-B9CC73F0E89D}.Release|Any CPU.Build.0 = Release|Any CPU
	EndGlobalSection
	GlobalSection(SolutionProperties) = preSolution
		HideSolutionNode = FALSE
	EndGlobalSection
	GlobalSection(ExtensibilityGlobals) = postSolution
		SolutionGuid = {6454B99F-CBA0-4872-B6C6-AB65DC9D53D4}
	EndGlobalSection
EndGlobal
